
Microsoft Visual Studio Solution File, Format Version 12.00
# Visual Studio Version 17
VisualStudioVersion = 17.5.33627.172
MinimumVisualStudioVersion = 10.0.40219.1
Project("{FAE04EC0-301F-11D3-BF4B-00C04F79EFBC}") = "BindableEventRepro", "BindableEventRepro\BindableEventRepro\BindableEventRepro.csproj", "{2D370908-E1E2-4598-9BB1-BAFA81888CBB}"
EndProject
Project("{2150E333-8FDC-42A3-9474-1A3956D46DE8}") = "Platforms", "Platforms", "{BD92B4A6-3E93-40A9-ADAD-8769277E6D8C}"
EndProject
Project("{9A19103F-16F7-4668-BE54-9A1E7A4F7556}") = "BindableEventRepro.Windows", "BindableEventRepro\BindableEventRepro.Windows\BindableEventRepro.Windows.csproj", "{83633EF6-C092-4469-B1FC-6049AA517A63}"
EndProject
Global
	GlobalSection(SolutionConfigurationPlatforms) = preSolution
		Debug|Any CPU = Debug|Any CPU
		Debug|arm64 = Debug|arm64
		Debug|x64 = Debug|x64
		Debug|x86 = Debug|x86
		Release|Any CPU = Release|Any CPU
		Release|arm64 = Release|arm64
		Release|x64 = Release|x64
		Release|x86 = Release|x86
	EndGlobalSection
	GlobalSection(ProjectConfigurationPlatforms) = postSolution
		{2D370908-E1E2-4598-9BB1-BAFA81888CBB}.Debug|Any CPU.ActiveCfg = Debug|Any CPU
		{2D370908-E1E2-4598-9BB1-BAFA81888CBB}.Debug|Any CPU.Build.0 = Debug|Any CPU
		{2D370908-E1E2-4598-9BB1-BAFA81888CBB}.Debug|arm64.ActiveCfg = Debug|Any CPU
		{2D370908-E1E2-4598-9BB1-BAFA81888CBB}.Debug|arm64.Build.0 = Debug|Any CPU
		{2D370908-E1E2-4598-9BB1-BAFA81888CBB}.Debug|x64.ActiveCfg = Debug|Any CPU
		{2D370908-E1E2-4598-9BB1-BAFA81888CBB}.Debug|x64.Build.0 = Debug|Any CPU
		{2D370908-E1E2-4598-9BB1-BAFA81888CBB}.Debug|x86.ActiveCfg = Debug|Any CPU
		{2D370908-E1E2-4598-9BB1-BAFA81888CBB}.Debug|x86.Build.0 = Debug|Any CPU
		{2D370908-E1E2-4598-9BB1-BAFA81888CBB}.Release|Any CPU.ActiveCfg = Release|Any CPU
		{2D370908-E1E2-4598-9BB1-BAFA81888CBB}.Release|Any CPU.Build.0 = Release|Any CPU
		{2D370908-E1E2-4598-9BB1-BAFA81888CBB}.Release|arm64.ActiveCfg = Release|Any CPU
		{2D370908-E1E2-4598-9BB1-BAFA81888CBB}.Release|arm64.Build.0 = Release|Any CPU
		{2D370908-E1E2-4598-9BB1-BAFA81888CBB}.Release|x64.ActiveCfg = Release|Any CPU
		{2D370908-E1E2-4598-9BB1-BAFA81888CBB}.Release|x64.Build.0 = Release|Any CPU
		{2D370908-E1E2-4598-9BB1-BAFA81888CBB}.Release|x86.ActiveCfg = Release|Any CPU
		{2D370908-E1E2-4598-9BB1-BAFA81888CBB}.Release|x86.Build.0 = Release|Any CPU
		{83633EF6-C092-4469-B1FC-6049AA517A63}.Debug|Any CPU.ActiveCfg = Debug|x64
		{83633EF6-C092-4469-B1FC-6049AA517A63}.Debug|Any CPU.Build.0 = Debug|x64
		{83633EF6-C092-4469-B1FC-6049AA517A63}.Debug|Any CPU.Deploy.0 = Debug|x64
		{83633EF6-C092-4469-B1FC-6049AA517A63}.Debug|arm64.ActiveCfg = Debug|arm64
		{83633EF6-C092-4469-B1FC-6049AA517A63}.Debug|arm64.Build.0 = Debug|arm64
		{83633EF6-C092-4469-B1FC-6049AA517A63}.Debug|arm64.Deploy.0 = Debug|arm64
		{83633EF6-C092-4469-B1FC-6049AA517A63}.Debug|x64.ActiveCfg = Debug|x64
		{83633EF6-C092-4469-B1FC-6049AA517A63}.Debug|x64.Build.0 = Debug|x64
		{83633EF6-C092-4469-B1FC-6049AA517A63}.Debug|x64.Deploy.0 = Debug|x64
		{83633EF6-C092-4469-B1FC-6049AA517A63}.Debug|x86.ActiveCfg = Debug|x86
		{83633EF6-C092-4469-B1FC-6049AA517A63}.Debug|x86.Build.0 = Debug|x86
		{83633EF6-C092-4469-B1FC-6049AA517A63}.Debug|x86.Deploy.0 = Debug|x86
		{83633EF6-C092-4469-B1FC-6049AA517A63}.Release|Any CPU.ActiveCfg = Release|x64
		{83633EF6-C092-4469-B1FC-6049AA517A63}.Release|Any CPU.Build.0 = Release|x64
		{83633EF6-C092-4469-B1FC-6049AA517A63}.Release|Any CPU.Deploy.0 = Release|x64
		{83633EF6-C092-4469-B1FC-6049AA517A63}.Release|arm64.ActiveCfg = Release|arm64
		{83633EF6-C092-4469-B1FC-6049AA517A63}.Release|arm64.Build.0 = Release|arm64
		{83633EF6-C092-4469-B1FC-6049AA517A63}.Release|arm64.Deploy.0 = Release|arm64
		{83633EF6-C092-4469-B1FC-6049AA517A63}.Release|x64.ActiveCfg = Release|x64
		{83633EF6-C092-4469-B1FC-6049AA517A63}.Release|x64.Build.0 = Release|x64
		{83633EF6-C092-4469-B1FC-6049AA517A63}.Release|x64.Deploy.0 = Release|x64
		{83633EF6-C092-4469-B1FC-6049AA517A63}.Release|x86.ActiveCfg = Release|x86
		{83633EF6-C092-4469-B1FC-6049AA517A63}.Release|x86.Build.0 = Release|x86
		{83633EF6-C092-4469-B1FC-6049AA517A63}.Release|x86.Deploy.0 = Release|x86
	EndGlobalSection
	GlobalSection(SolutionProperties) = preSolution
		HideSolutionNode = FALSE
	EndGlobalSection
	GlobalSection(NestedProjects) = preSolution
		{83633EF6-C092-4469-B1FC-6049AA517A63} = {BD92B4A6-3E93-40A9-ADAD-8769277E6D8C}
	EndGlobalSection
	GlobalSection(ExtensibilityGlobals) = postSolution
		SolutionGuid = {6EB64F77-2DC0-468A-AC26-3990478E01A5}
	EndGlobalSection
EndGlobal
